
Microsoft Visual Studio Solution File, Format Version 12.00
Project("{FAE04EC0-301F-11D3-BF4B-00C04F79EFBC}") = "SoWeiT.Optimizer.Persister.Worker", "SoWeiT.Optimizer.Persister.Worker\SoWeiT.Optimizer.Persister.Worker.csproj", "{AB56CD8D-8199-4CD3-809D-CE06813444CB}"
EndProject
Project("{FAE04EC0-301F-11D3-BF4B-00C04F79EFBC}") = "SoWeiT.Optimizer.Persistence.History", "SoWeiT.Optimizer.Persistence.History\SoWeiT.Optimizer.Persistence.History.csproj", "{B370F439-D7E1-49DA-9A92-1132F606FB98}"
EndProject
Project("{FAE04EC0-301F-11D3-BF4B-00C04F79EFBC}") = "SoWeiT.Optimizer.Messaging.RabbitMq", "SoWeiT.Optimizer.Messaging.RabbitMq\SoWeiT.Optimizer.Messaging.RabbitMq.csproj", "{D5CEF309-2F20-4DF0-B281-2A4A2A1AB996}"
EndProject
Project("{FAE04EC0-301F-11D3-BF4B-00C04F79EFBC}") = "SoWeiT.Optimizer.History.Contracts", "SoWeiT.Optimizer.History.Contracts\SoWeiT.Optimizer.History.Contracts.csproj", "{5ED576BD-7FD3-4B02-901E-3C451DDA076D}"
EndProject
Global
	GlobalSection(SolutionConfigurationPlatforms) = preSolution
		Debug|Any CPU = Debug|Any CPU
		Release|Any CPU = Release|Any CPU
	EndGlobalSection
	GlobalSection(ProjectConfigurationPlatforms) = postSolution
		{AB56CD8D-8199-4CD3-809D-CE06813444CB}.Debug|Any CPU.ActiveCfg = Debug|Any CPU
		{AB56CD8D-8199-4CD3-809D-CE06813444CB}.Debug|Any CPU.Build.0 = Debug|Any CPU
		{AB56CD8D-8199-4CD3-809D-CE06813444CB}.Release|Any CPU.ActiveCfg = Release|Any CPU
		{AB56CD8D-8199-4CD3-809D-CE06813444CB}.Release|Any CPU.Build.0 = Release|Any CPU
		{B370F439-D7E1-49DA-9A92-1132F606FB98}.Debug|Any CPU.ActiveCfg = Debug|Any CPU
		{B370F439-D7E1-49DA-9A92-1132F606FB98}.Debug|Any CPU.Build.0 = Debug|Any CPU
		{B370F439-D7E1-49DA-9A92-1132F606FB98}.Release|Any CPU.ActiveCfg = Release|Any CPU
		{B370F439-D7E1-49DA-9A92-1132F606FB98}.Release|Any CPU.Build.0 = Release|Any CPU
		{D5CEF309-2F20-4DF0-B281-2A4A2A1AB996}.Debug|Any CPU.ActiveCfg = Debug|Any CPU
		{D5CEF309-2F20-4DF0-B281-2A4A2A1AB996}.Debug|Any CPU.Build.0 = Debug|Any CPU
		{D5CEF309-2F20-4DF0-B281-2A4A2A1AB996}.Release|Any CPU.ActiveCfg = Release|Any CPU
		{D5CEF309-2F20-4DF0-B281-2A4A2A1AB996}.Release|Any CPU.Build.0 = Release|Any CPU
		{5ED576BD-7FD3-4B02-901E-3C451DDA076D}.Debug|Any CPU.ActiveCfg = Debug|Any CPU
		{5ED576BD-7FD3-4B02-901E-3C451DDA076D}.Debug|Any CPU.Build.0 = Debug|Any CPU
		{5ED576BD-7FD3-4B02-901E-3C451DDA076D}.Release|Any CPU.ActiveCfg = Release|Any CPU
		{5ED576BD-7FD3-4B02-901E-3C451DDA076D}.Release|Any CPU.Build.0 = Release|Any CPU
	EndGlobalSection
EndGlobal
